<Solution>
  <Folder Name="/.github/">
    <File Path="../.github/copilot-instructions.md" />
  </Folder>
  <Configurations>
    <BuildType Name="Debug" />
    <BuildType Name="InternalProfile" />
    <BuildType Name="Profile" />
    <BuildType Name="Release" />
  </Configurations>
  <Project Path="rimworld-mod-real-fow/rimworld-mod-real-fow.csproj" />
  <Folder Name="/XML/1.6/Defs/">
    <File Path="../1.6/Defs/MapMeshFlag.xml" />
    <File Path="../1.6/Defs/Mod_Defaults.xml" />
    <File Path="../1.6/Defs/ResearchProjects_Tier2_Surveillance.xml" />
    <File Path="../1.6/Defs/SoundWave.xml" />
  </Folder>
  <Folder Name="/XML/Languages/English/Keyed/">
    <File Path="../Languages/English/Keyed/Preference.xml" />
  </Folder>
  <Folder Name="/XML/About/">
    <File Path="../About/about.xml" />
  </Folder>
  <Folder Name="/XML/1.6/Patches/">
    <File Path="../1.6/Patches/Bionic.xml" />
    <File Path="../1.6/Patches/RaceMech.xml" />
    <File Path="../1.6/Patches/VAE.xml" />
  </Folder>
  <Folder Name="/XML/1.6/Defs/ThingDefs_Buildings/">
    <File Path="../1.6/Defs/ThingDefs_Buildings/Building_InspectorAnimal.xml" />
    <File Path="../1.6/Defs/ThingDefs_Buildings/Buildings_Camera.xml" />
    <File Path="../1.6/Defs/ThingDefs_Buildings/Buildings_CameraConsole.xml" />
    <File Path="../1.6/Defs/ThingDefs_Buildings/Buildings_QuickEmptyDef.xml" />
    <File Path="../1.6/Defs/ThingDefs_Buildings/Buildings_Surveillance_Base.xml" />
    <File Path="../1.6/Defs/ThingDefs_Buildings/Buildings_VisionExtend.xml" />
  </Folder>
  <Folder Name="/XML/1.6/Defs/Stats/">
    <File Path="../1.6/Defs/Stats/Stats_Pawn_General.xml" />
  </Folder>
</Solution>